{
    "hash": "8e9d5cf37f158cbaca901d0605545a30",
    "packages": [
        {
            "package": "avalanche123/imagine-bundle",
            "version": "dev-master",
            "source-reference": "29c5338cc9c7177d71dd51e8c3ab9652479e6ff4"
        },
        {
            "package": "doctrine/common",
            "version": "2.2.2"
        },
        {
            "package": "doctrine/data-fixtures",
            "version": "dev-master",
            "source-reference": "7980ea20b3c6e5104241acb430e4822b8bc402ae"
        },
        {
            "package": "doctrine/dbal",
            "version": "2.2.2"
        },
        {
            "package": "doctrine/doctrine-bundle",
            "version": "dev-master",
            "source-reference": "9c8cdd383be8d8a9fd8113289cd36e3453c81e1c"
        },
        {
            "package": "doctrine/doctrine-fixtures-bundle",
            "version": "dev-master",
            "source-reference": "33b267d3068d6c2f8daa0b417285cf76e7f82fc4"
        },
        {
            "package": "doctrine/doctrine-migrations-bundle",
            "version": "dev-master",
            "source-reference": "e670643b1011fb997a209d8564a1c493fda1f4c3"
        },
        {
            "package": "doctrine/migrations",
            "version": "dev-master",
            "source-reference": "712429162cbf322dda6817e84c1f4fa3ba54cffd"
        },
        {
            "package": "doctrine/orm",
            "version": "2.2.x-dev",
            "source-reference": "159b6f89471ac05f1c1ef2d53cc2c989ce9215a3"
        },
        {
            "package": "friendsofsymfony/rest",
            "version": "dev-master",
            "source-reference": "a08b96b01e1ce26a7c43f993bf54aac756c0f6cb"
        },
        {
            "package": "friendsofsymfony/rest-bundle",
            "version": "dev-master",
            "source-reference": "d9a876803df61858ce3e8d3f0c934727638ad874"
        },
        {
            "package": "fzaninotto/faker",
            "version": "dev-master",
            "source-reference": "a6589c64c33a9a4f16cac52c3f1ada710e1e6448"
        },
        {
            "package": "gedmo/doctrine-extensions",
            "version": "dev-master",
            "source-reference": "7c5df3691bd404a3f24998e198f197bc7431df14"
        },
        {
            "package": "imagine/Imagine",
            "version": "dev-master",
            "source-reference": "v0.2.8"
        },
        {
            "package": "jms/metadata",
            "version": "dev-master",
            "source-reference": "95bfbfbcbe573ff9ed5fd33fa39cdfe0da27220d"
        },
        {
            "package": "jms/serializer-bundle",
            "version": "dev-master",
            "source-reference": "4ce47e7ce898d6a431433c33e194d3fed7244bd1"
        },
        {
            "package": "knplabs/knp-markdown-bundle",
            "version": "dev-master",
            "source-reference": "b29850f792f4d62ea9ef6275da59f1214d391c9f"
        },
        {
            "package": "knplabs/knp-menu",
            "version": "dev-master",
            "source-reference": "ad10e1ec8f493bb29e28c02284f38c5afd4bfa07"
        },
        {
            "package": "knplabs/knp-menu-bundle",
            "version": "dev-master",
            "source-reference": "c20933d2b988a3bd0944a0fd9e00068c30f0d27f"
        },
        {
            "package": "kriswallsmith/assetic",
            "version": "dev-master",
            "source-reference": "3acfb6afa50dd1dca387a8dfb641cd3b98a8584d"
        },
        {
            "package": "monolog/monolog",
            "version": "1.1.0"
        },
        {
            "package": "pagerfanta/pagerfanta",
            "version": "dev-master",
            "source-reference": "c490684def33e992241e7fad33bcbd03d9d18643"
        },
        {
            "package": "sensio/distribution-bundle",
            "version": "dev-master",
            "source-reference": "77b7e8fabfb47ab81014759e59dd82f56f6c62f9"
        },
        {
            "package": "sensio/framework-extra-bundle",
            "version": "dev-master",
            "source-reference": "ab3130462a01437f4f748a778100e010c6d91ed3"
        },
        {
            "package": "stof/doctrine-extensions-bundle",
            "version": "dev-master",
            "source-reference": "f141a698d65271a18d86469c1f7b29d7e24170dd"
        },
        {
            "package": "swiftmailer/swiftmailer",
            "version": "dev-master",
            "source-reference": "57789082d1d53529dcf8cd3ca132d9787a59afee",
            "alias": "4.1.9999999.9999999-dev"
        },
        {
            "package": "sylius/addressing-bundle",
            "version": "dev-master",
            "source-reference": "59b652801c762771b747fbe3b2b3f21b4b8164e8"
        },
        {
            "package": "sylius/assortment-bundle",
            "version": "dev-master",
            "source-reference": "0682c3455d01c08106b10b31b87a85e99aa00900"
        },
        {
            "package": "sylius/blogger-bundle",
            "version": "dev-master",
            "source-reference": "59961ecc83f5c44124b789ea06d6978cea0d1624"
        },
        {
            "package": "sylius/cart-bundle",
            "version": "dev-master",
            "source-reference": "7b23fd558da0710f54ecda83171826446413f924"
        },
        {
            "package": "sylius/categorizer-bundle",
            "version": "dev-master",
            "source-reference": "6463a59fd3745efbd7f50ea38e4f7a7c8aa0c565"
        },
        {
            "package": "sylius/sales-bundle",
            "version": "dev-master",
            "source-reference": "258612e30178e1d2df03b5b2aab06b99373a11b2"
        },
        {
            "package": "symfony/assetic-bundle",
            "version": "dev-master",
            "source-reference": "d370e914e86518e88aa00ab266796ee032b8262e"
        },
        {
            "package": "symfony/monolog-bundle",
            "version": "dev-master",
            "source-reference": "4420d3a740ed35a0de1feab771bb6f7386cf2e33"
        },
        {
            "package": "symfony/swiftmailer-bridge",
            "version": "dev-master",
            "source-reference": "463536de4b149e1560bd764582cbf50dc9936ebd"
        },
        {
            "package": "symfony/swiftmailer-bundle",
            "version": "dev-master",
            "source-reference": "1c6b57fe57210e9dcb5b4586d6572f47d17a25d7"
        },
        {
            "package": "symfony/symfony",
            "version": "dev-master",
            "source-reference": "cb905c5ff6d0ef71c5d7ec2bd1ccbd8cb0f9e2e1",
            "alias": "2.1.9999999.9999999-dev"
        },
        {
            "package": "twig/extensions",
            "version": "dev-master",
            "source-reference": "446d870272cd87a720e95242eade38a2acf56eaa"
        },
        {
            "package": "twig/twig",
            "version": "dev-master",
            "source-reference": "db32d5ef431c868aaeabbb3d7d7cfe319fe4d562",
            "alias": "1.8.9999999.9999999-dev"
        },
        {
            "package": "twitter/bootstrap",
            "version": "v2.0.3"
        },
        {
            "package": "white-october/pagerfanta-bundle",
            "version": "dev-master",
            "source-reference": "60d98f508010b0fab6a93bf079be39f4c9537f7c"
        }
    ],
    "packages-dev": null,
    "aliases": [

    ]
}
