{
    "hash": "a8f2201e0f6c6c68f27cb0b54a6d834b",
    "packages": [
        {
            "package": "avalanche123/imagine-bundle",
            "version": "dev-master",
            "source-reference": "5b1b09bebe0b3a3499a629b8a6fa907f8063d568"
        },
        {
            "package": "doctrine/common",
            "version": "2.2.2"
        },
        {
            "package": "doctrine/data-fixtures",
            "version": "dev-master",
            "source-reference": "7980ea20b3c6e5104241acb430e4822b8bc402ae"
        },
        {
            "package": "doctrine/dbal",
            "version": "2.2.2"
        },
        {
            "package": "doctrine/doctrine-bundle",
            "version": "dev-master",
            "source-reference": "9c8cdd383be8d8a9fd8113289cd36e3453c81e1c"
        },
        {
            "package": "doctrine/doctrine-fixtures-bundle",
            "version": "dev-master",
            "source-reference": "33b267d3068d6c2f8daa0b417285cf76e7f82fc4"
        },
        {
            "package": "doctrine/doctrine-migrations-bundle",
            "version": "dev-master",
            "source-reference": "e670643b1011fb997a209d8564a1c493fda1f4c3"
        },
        {
            "package": "doctrine/migrations",
            "version": "dev-master",
            "source-reference": "fe98141b1e460baf5ab52f9139e1ae238101b28b"
        },
        {
            "package": "doctrine/orm",
            "version": "2.2.x-dev",
            "source-reference": "202e675d2bf25ce980acc2db69bb971beb8936b9"
        },
        {
            "package": "friendsofsymfony/rest",
            "version": "dev-master",
            "source-reference": "d9f772ddb9bb4fd0d952fa45cf0e5e76510b111c"
        },
        {
            "package": "friendsofsymfony/rest-bundle",
            "version": "dev-master",
            "source-reference": "441f2cd3c8aefc2d197dc94179e9be85717e26a5"
        },
        {
            "package": "fzaninotto/faker",
            "version": "dev-master",
            "source-reference": "a6589c64c33a9a4f16cac52c3f1ada710e1e6448"
        },
        {
            "package": "gedmo/doctrine-extensions",
            "version": "dev-master",
            "source-reference": "015de8edd4024dd1aeddd95d969448ce931a6c66"
        },
        {
            "package": "imagine/Imagine",
            "version": "dev-master",
            "source-reference": "v0.2.8"
        },
        {
            "package": "jms/metadata",
            "version": "dev-master",
            "source-reference": "95bfbfbcbe573ff9ed5fd33fa39cdfe0da27220d"
        },
        {
            "package": "jms/serializer-bundle",
            "version": "dev-master",
            "source-reference": "4ce47e7ce898d6a431433c33e194d3fed7244bd1"
        },
        {
            "package": "knplabs/knp-markdown-bundle",
            "version": "dev-master",
            "source-reference": "b29850f792f4d62ea9ef6275da59f1214d391c9f"
        },
        {
            "package": "knplabs/knp-menu",
            "version": "dev-master",
            "source-reference": "582abde96d661a2367542e393a25c9cafe928b40",
            "alias": "1.1.9999999.9999999-dev"
        },
        {
            "package": "knplabs/knp-menu-bundle",
            "version": "dev-master",
            "source-reference": "dc12b1c8e56074d65b01eed51164c86d36579f86"
        },
        {
            "package": "kriswallsmith/assetic",
            "version": "dev-master",
            "source-reference": "fe711de6512870a2b6b584eb6483460d2a65ba95"
        },
        {
            "package": "monolog/monolog",
            "version": "1.1.0"
        },
        {
            "package": "pagerfanta/pagerfanta",
            "version": "dev-master",
            "source-reference": "c490684def33e992241e7fad33bcbd03d9d18643"
        },
        {
            "package": "sensio/distribution-bundle",
            "version": "dev-master",
            "source-reference": "77b7e8fabfb47ab81014759e59dd82f56f6c62f9"
        },
        {
            "package": "sensio/framework-extra-bundle",
            "version": "dev-master",
            "source-reference": "ab3130462a01437f4f748a778100e010c6d91ed3"
        },
        {
            "package": "stof/doctrine-extensions-bundle",
            "version": "dev-master",
            "source-reference": "f141a698d65271a18d86469c1f7b29d7e24170dd"
        },
        {
            "package": "swiftmailer/swiftmailer",
            "version": "dev-master",
            "source-reference": "57789082d1d53529dcf8cd3ca132d9787a59afee",
            "alias": "4.1.9999999.9999999-dev"
        },
        {
            "package": "sylius/addressing-bundle",
            "version": "dev-master",
            "source-reference": "59b652801c762771b747fbe3b2b3f21b4b8164e8"
        },
        {
            "package": "sylius/assortment-bundle",
            "version": "dev-master",
            "source-reference": "ef16ae5e46f7f27ebce4cc2364c62fcf3e390ca0"
        },
        {
            "package": "sylius/blogger-bundle",
            "version": "dev-master",
            "source-reference": "59961ecc83f5c44124b789ea06d6978cea0d1624"
        },
        {
            "package": "sylius/cart-bundle",
            "version": "dev-master",
            "source-reference": "7b23fd558da0710f54ecda83171826446413f924"
        },
        {
            "package": "sylius/categorizer-bundle",
            "version": "dev-master",
            "source-reference": "6463a59fd3745efbd7f50ea38e4f7a7c8aa0c565"
        },
        {
            "package": "sylius/sales-bundle",
            "version": "dev-master",
            "source-reference": "d32c35085d1a19cd6453d4af2da2d4b5db861b81"
        },
        {
            "package": "sylius/stocking-bundle",
            "version": "dev-master",
            "source-reference": "8b7632d8eb2dfd7b8356a68bd73cc2094fecece3"
        },
        {
            "package": "symfony/assetic-bundle",
            "version": "dev-master",
            "source-reference": "d370e914e86518e88aa00ab266796ee032b8262e"
        },
        {
            "package": "symfony/monolog-bundle",
            "version": "dev-master",
            "source-reference": "4d5a969dc5b34c8b0cea3521ce7fbb43b965af3f"
        },
        {
            "package": "symfony/swiftmailer-bridge",
            "version": "dev-master",
            "source-reference": "463536de4b149e1560bd764582cbf50dc9936ebd"
        },
        {
            "package": "symfony/swiftmailer-bundle",
            "version": "dev-master",
            "source-reference": "1c6b57fe57210e9dcb5b4586d6572f47d17a25d7"
        },
        {
            "package": "symfony/symfony",
            "version": "dev-master",
            "source-reference": "919604ab718c47c619659cb2f7faf63222486141",
            "alias": "2.1.9999999.9999999-dev"
        },
        {
            "package": "twig/extensions",
            "version": "dev-master",
            "source-reference": "446d870272cd87a720e95242eade38a2acf56eaa"
        },
        {
            "package": "twig/twig",
            "version": "dev-master",
            "source-reference": "db32d5ef431c868aaeabbb3d7d7cfe319fe4d562",
            "alias": "1.8.9999999.9999999-dev"
        },
        {
            "package": "twitter/bootstrap",
            "version": "v2.0.3"
        },
        {
            "package": "white-october/pagerfanta-bundle",
            "version": "dev-master",
            "source-reference": "60d98f508010b0fab6a93bf079be39f4c9537f7c"
        }
    ],
    "packages-dev": null,
    "aliases": [

    ]
}
