symfony 08285edef973a0c2392503ba499d761e086c49d2
twig d3178d3406d8c283063d16a82f8a89561ed3852a
monolog 729c23f3adc7450ed2d8232362637ea0c48bc474
doctrine-common d599286518ef739afed05b4f29760ac44d275233
doctrine-dbal f14cab2a7517d36714d97ae69641c7f709fc4eb8
doctrine fc738455b6b6448f02f0922d2f92aa19b5f1d686
twig-extensions eba4f5d572bec05c72a47bbd73ba0a3330cf8f54
metadata 97d85e0085b3393288f45f413147b08411b19e77
pagerfanta 62bc2c0a90480c8b4f0eb4d634e6fce0338282aa
WhiteOctoberPagerfantaBundle cad15aec34031e5e7c118c2974106dad5f7b2d68